// !$*UTF8*$!
{
	archiveVersion = 1;
	classes = {
	};
	objectVersion = 77;
	objects = {

/* Begin PBXBuildFile section */
		3E1C3F762E4909960098DC0A /* TimerState.swift in Sources */ = {isa = PBXBuildFile; fileRef = 3E1C3F742E49098F0098DC0A /* TimerState.swift */; };
		3E1C3F782E4909BF0098DC0A /* TimerStore.swift in Sources */ = {isa = PBXBuildFile; fileRef = 3E1C3F772E4909B90098DC0A /* TimerStore.swift */; };
		3E1C3F7A2E4909E60098DC0A /* RootView.swift in Sources */ = {isa = PBXBuildFile; fileRef = 3E1C3F792E4909DF0098DC0A /* RootView.swift */; };
		3E1C3F7C2E490A0E0098DC0A /* TimerSetupView.swift in Sources */ = {isa = PBXBuildFile; fileRef = 3E1C3F7B2E490A060098DC0A /* TimerSetupView.swift */; };
		3E1C3F7E2E490A310098DC0A /* CountdownOverlay.swift in Sources */ = {isa = PBXBuildFile; fileRef = 3E1C3F7D2E490A250098DC0A /* CountdownOverlay.swift */; };
		3E1C3F802E490A600098DC0A /* FocusView.swift in Sources */ = {isa = PBXBuildFile; fileRef = 3E1C3F7F2E490A580098DC0A /* FocusView.swift */; };
		3E1C3F822E490A850098DC0A /* EndView.swift in Sources */ = {isa = PBXBuildFile; fileRef = 3E1C3F812E490A810098DC0A /* EndView.swift */; };
		3E1C3F852E490ABB0098DC0A /* TimeLabelView.swift in Sources */ = {isa = PBXBuildFile; fileRef = 3E1C3F842E490AB00098DC0A /* TimeLabelView.swift */; };
		3E1C3F872E490ADD0098DC0A /* LargeNumberOverlay.swift in Sources */ = {isa = PBXBuildFile; fileRef = 3E1C3F862E490AD50098DC0A /* LargeNumberOverlay.swift */; };
		3E1C3F892E490B020098DC0A /* HapticsService.swift in Sources */ = {isa = PBXBuildFile; fileRef = 3E1C3F882E490AF90098DC0A /* HapticsService.swift */; };
		3E1C3F8B2E490B110098DC0A /* SoundService.swift in Sources */ = {isa = PBXBuildFile; fileRef = 3E1C3F8A2E490B0C0098DC0A /* SoundService.swift */; };
		3E1C3F8D2E490B420098DC0A /* NotificationService.swift in Sources */ = {isa = PBXBuildFile; fileRef = 3E1C3F8C2E490B3B0098DC0A /* NotificationService.swift */; };
		3E1C3F8F2E4918760098DC0A /* PersistenceService.swift in Sources */ = {isa = PBXBuildFile; fileRef = 3E1C3F8E2E49186F0098DC0A /* PersistenceService.swift */; };
		3E1C3F912E4918C50098DC0A /* SettingsView.swift in Sources */ = {isa = PBXBuildFile; fileRef = 3E1C3F902E4918BE0098DC0A /* SettingsView.swift */; };
/* End PBXBuildFile section */

/* Begin PBXContainerItemProxy section */
		3E1C3F522E4901230098DC0A /* PBXContainerItemProxy */ = {
			isa = PBXContainerItemProxy;
			containerPortal = 3E1C3F372E4901210098DC0A /* Project object */;
			proxyType = 1;
			remoteGlobalIDString = 3E1C3F3E2E4901210098DC0A;
			remoteInfo = Pomm;
		};
		3E1C3F5C2E4901230098DC0A /* PBXContainerItemProxy */ = {
			isa = PBXContainerItemProxy;
			containerPortal = 3E1C3F372E4901210098DC0A /* Project object */;
			proxyType = 1;
			remoteGlobalIDString = 3E1C3F3E2E4901210098DC0A;
			remoteInfo = Pomm;
		};
/* End PBXContainerItemProxy section */

/* Begin PBXFileReference section */
		3E1C3F3F2E4901210098DC0A /* Pomm.app */ = {isa = PBXFileReference; explicitFileType = wrapper.application; includeInIndex = 0; path = Pomm.app; sourceTree = BUILT_PRODUCTS_DIR; };
		3E1C3F512E4901230098DC0A /* PommTests.xctest */ = {isa = PBXFileReference; explicitFileType = wrapper.cfbundle; includeInIndex = 0; path = PommTests.xctest; sourceTree = BUILT_PRODUCTS_DIR; };
		3E1C3F5B2E4901230098DC0A /* PommUITests.xctest */ = {isa = PBXFileReference; explicitFileType = wrapper.cfbundle; includeInIndex = 0; path = PommUITests.xctest; sourceTree = BUILT_PRODUCTS_DIR; };
		3E1C3F742E49098F0098DC0A /* TimerState.swift */ = {isa = PBXFileReference; lastKnownFileType = sourcecode.swift; path = TimerState.swift; sourceTree = "<group>"; };
		3E1C3F772E4909B90098DC0A /* TimerStore.swift */ = {isa = PBXFileReference; lastKnownFileType = sourcecode.swift; path = TimerStore.swift; sourceTree = "<group>"; };
		3E1C3F792E4909DF0098DC0A /* RootView.swift */ = {isa = PBXFileReference; lastKnownFileType = sourcecode.swift; path = RootView.swift; sourceTree = "<group>"; };
		3E1C3F7B2E490A060098DC0A /* TimerSetupView.swift */ = {isa = PBXFileReference; lastKnownFileType = sourcecode.swift; path = TimerSetupView.swift; sourceTree = "<group>"; };
		3E1C3F7D2E490A250098DC0A /* CountdownOverlay.swift */ = {isa = PBXFileReference; lastKnownFileType = sourcecode.swift; path = CountdownOverlay.swift; sourceTree = "<group>"; };
		3E1C3F7F2E490A580098DC0A /* FocusView.swift */ = {isa = PBXFileReference; lastKnownFileType = sourcecode.swift; path = FocusView.swift; sourceTree = "<group>"; };
		3E1C3F812E490A810098DC0A /* EndView.swift */ = {isa = PBXFileReference; lastKnownFileType = sourcecode.swift; path = EndView.swift; sourceTree = "<group>"; };
		3E1C3F842E490AB00098DC0A /* TimeLabelView.swift */ = {isa = PBXFileReference; lastKnownFileType = sourcecode.swift; path = TimeLabelView.swift; sourceTree = "<group>"; };
		3E1C3F862E490AD50098DC0A /* LargeNumberOverlay.swift */ = {isa = PBXFileReference; lastKnownFileType = sourcecode.swift; path = LargeNumberOverlay.swift; sourceTree = "<group>"; };
		3E1C3F882E490AF90098DC0A /* HapticsService.swift */ = {isa = PBXFileReference; lastKnownFileType = sourcecode.swift; path = HapticsService.swift; sourceTree = "<group>"; };
		3E1C3F8A2E490B0C0098DC0A /* SoundService.swift */ = {isa = PBXFileReference; lastKnownFileType = sourcecode.swift; path = SoundService.swift; sourceTree = "<group>"; };
		3E1C3F8C2E490B3B0098DC0A /* NotificationService.swift */ = {isa = PBXFileReference; lastKnownFileType = sourcecode.swift; path = NotificationService.swift; sourceTree = "<group>"; };
		3E1C3F8E2E49186F0098DC0A /* PersistenceService.swift */ = {isa = PBXFileReference; lastKnownFileType = sourcecode.swift; path = PersistenceService.swift; sourceTree = "<group>"; };
		3E1C3F902E4918BE0098DC0A /* SettingsView.swift */ = {isa = PBXFileReference; lastKnownFileType = sourcecode.swift; path = SettingsView.swift; sourceTree = "<group>"; };
/* End PBXFileReference section */

/* Begin PBXFileSystemSynchronizedRootGroup section */
		3E1C3F412E4901210098DC0A /* Pomm */ = {
			isa = PBXFileSystemSynchronizedRootGroup;
			path = Pomm;
			sourceTree = "<group>";
		};
		3E1C3F542E4901230098DC0A /* PommTests */ = {
			isa = PBXFileSystemSynchronizedRootGroup;
			path = PommTests;
			sourceTree = "<group>";
		};
		3E1C3F5E2E4901230098DC0A /* PommUITests */ = {
			isa = PBXFileSystemSynchronizedRootGroup;
			path = PommUITests;
			sourceTree = "<group>";
		};
/* End PBXFileSystemSynchronizedRootGroup section */

/* Begin PBXFrameworksBuildPhase section */
		3E1C3F3C2E4901210098DC0A /* Frameworks */ = {
			isa = PBXFrameworksBuildPhase;
			buildActionMask = 2147483647;
			files = (
			);
			runOnlyForDeploymentPostprocessing = 0;
		};
		3E1C3F4E2E4901230098DC0A /* Frameworks */ = {
			isa = PBXFrameworksBuildPhase;
			buildActionMask = 2147483647;
			files = (
			);
			runOnlyForDeploymentPostprocessing = 0;
		};
		3E1C3F582E4901230098DC0A /* Frameworks */ = {
			isa = PBXFrameworksBuildPhase;
			buildActionMask = 2147483647;
			files = (
			);
			runOnlyForDeploymentPostprocessing = 0;
		};
/* End PBXFrameworksBuildPhase section */

/* Begin PBXGroup section */
		3E1C3F362E4901210098DC0A = {
			isa = PBXGroup;
			children = (
				3E1C3F6E2E49042E0098DC0A /* Sources */,
				3E1C3F732E4904640098DC0A /* Resources */,
				3E1C3F412E4901210098DC0A /* Pomm */,
				3E1C3F542E4901230098DC0A /* PommTests */,
				3E1C3F5E2E4901230098DC0A /* PommUITests */,
				3E1C3F402E4901210098DC0A /* Products */,
			);
			sourceTree = "<group>";
		};
		3E1C3F402E4901210098DC0A /* Products */ = {
			isa = PBXGroup;
			children = (
				3E1C3F3F2E4901210098DC0A /* Pomm.app */,
				3E1C3F512E4901230098DC0A /* PommTests.xctest */,
				3E1C3F5B2E4901230098DC0A /* PommUITests.xctest */,
			);
			name = Products;
			sourceTree = "<group>";
		};
		3E1C3F6E2E49042E0098DC0A /* Sources */ = {
			isa = PBXGroup;
			children = (
				3E1C3F722E49045D0098DC0A /* Services */,
				3E1C3F712E4904560098DC0A /* Models */,
				3E1C3F702E49044E0098DC0A /* ViewModels */,
				3E1C3F6F2E4904480098DC0A /* Views */,
			);
			path = Sources;
			sourceTree = "<group>";
		};
		3E1C3F6F2E4904480098DC0A /* Views */ = {
			isa = PBXGroup;
			children = (
				3E1C3F902E4918BE0098DC0A /* SettingsView.swift */,
				3E1C3F832E490AA90098DC0A /* Components */,
				3E1C3F812E490A810098DC0A /* EndView.swift */,
				3E1C3F7F2E490A580098DC0A /* FocusView.swift */,
				3E1C3F7D2E490A250098DC0A /* CountdownOverlay.swift */,
				3E1C3F7B2E490A060098DC0A /* TimerSetupView.swift */,
				3E1C3F792E4909DF0098DC0A /* RootView.swift */,
			);
			path = Views;
			sourceTree = "<group>";
		};
		3E1C3F702E49044E0098DC0A /* ViewModels */ = {
			isa = PBXGroup;
			children = (
				3E1C3F772E4909B90098DC0A /* TimerStore.swift */,
				3E1C3F742E49098F0098DC0A /* TimerState.swift */,
			);
			path = ViewModels;
			sourceTree = "<group>";
		};
		3E1C3F712E4904560098DC0A /* Models */ = {
			isa = PBXGroup;
			children = (
			);
			path = Models;
			sourceTree = "<group>";
		};
		3E1C3F722E49045D0098DC0A /* Services */ = {
			isa = PBXGroup;
			children = (
				3E1C3F8E2E49186F0098DC0A /* PersistenceService.swift */,
				3E1C3F8C2E490B3B0098DC0A /* NotificationService.swift */,
				3E1C3F8A2E490B0C0098DC0A /* SoundService.swift */,
				3E1C3F882E490AF90098DC0A /* HapticsService.swift */,
			);
			path = Services;
			sourceTree = "<group>";
		};
		3E1C3F732E4904640098DC0A /* Resources */ = {
			isa = PBXGroup;
			children = (
			);
			path = Resources;
			sourceTree = "<group>";
		};
		3E1C3F832E490AA90098DC0A /* Components */ = {
			isa = PBXGroup;
			children = (
				3E1C3F862E490AD50098DC0A /* LargeNumberOverlay.swift */,
				3E1C3F842E490AB00098DC0A /* TimeLabelView.swift */,
			);
			path = Components;
			sourceTree = "<group>";
		};
/* End PBXGroup section */

/* Begin PBXNativeTarget section */
		3E1C3F3E2E4901210098DC0A /* Pomm */ = {
			isa = PBXNativeTarget;
			buildConfigurationList = 3E1C3F652E4901230098DC0A /* Build configuration list for PBXNativeTarget "Pomm" */;
			buildPhases = (
				3E1C3F3B2E4901210098DC0A /* Sources */,
				3E1C3F3C2E4901210098DC0A /* Frameworks */,
				3E1C3F3D2E4901210098DC0A /* Resources */,
			);
			buildRules = (
			);
			dependencies = (
			);
			fileSystemSynchronizedGroups = (
				3E1C3F412E4901210098DC0A /* Pomm */,
			);
			name = Pomm;
			packageProductDependencies = (
			);
			productName = Pomm;
			productReference = 3E1C3F3F2E4901210098DC0A /* Pomm.app */;
			productType = "com.apple.product-type.application";
		};
		3E1C3F502E4901230098DC0A /* PommTests */ = {
			isa = PBXNativeTarget;
			buildConfigurationList = 3E1C3F682E4901230098DC0A /* Build configuration list for PBXNativeTarget "PommTests" */;
			buildPhases = (
				3E1C3F4D2E4901230098DC0A /* Sources */,
				3E1C3F4E2E4901230098DC0A /* Frameworks */,
				3E1C3F4F2E4901230098DC0A /* Resources */,
			);
			buildRules = (
			);
			dependencies = (
				3E1C3F532E4901230098DC0A /* PBXTargetDependency */,
			);
			fileSystemSynchronizedGroups = (
				3E1C3F542E4901230098DC0A /* PommTests */,
			);
			name = PommTests;
			packageProductDependencies = (
			);
			productName = PommTests;
			productReference = 3E1C3F512E4901230098DC0A /* PommTests.xctest */;
			productType = "com.apple.product-type.bundle.unit-test";
		};
		3E1C3F5A2E4901230098DC0A /* PommUITests */ = {
			isa = PBXNativeTarget;
			buildConfigurationList = 3E1C3F6B2E4901230098DC0A /* Build configuration list for PBXNativeTarget "PommUITests" */;
			buildPhases = (
				3E1C3F572E4901230098DC0A /* Sources */,
				3E1C3F582E4901230098DC0A /* Frameworks */,
				3E1C3F592E4901230098DC0A /* Resources */,
			);
			buildRules = (
			);
			dependencies = (
				3E1C3F5D2E4901230098DC0A /* PBXTargetDependency */,
			);
			fileSystemSynchronizedGroups = (
				3E1C3F5E2E4901230098DC0A /* PommUITests */,
			);
			name = PommUITests;
			packageProductDependencies = (
			);
			productName = PommUITests;
			productReference = 3E1C3F5B2E4901230098DC0A /* PommUITests.xctest */;
			productType = "com.apple.product-type.bundle.ui-testing";
		};
/* End PBXNativeTarget section */

/* Begin PBXProject section */
		3E1C3F372E4901210098DC0A /* Project object */ = {
			isa = PBXProject;
			attributes = {
				BuildIndependentTargetsInParallel = 1;
				LastSwiftUpdateCheck = 1640;
				LastUpgradeCheck = 1640;
				TargetAttributes = {
					3E1C3F3E2E4901210098DC0A = {
						CreatedOnToolsVersion = 16.4;
					};
					3E1C3F502E4901230098DC0A = {
						CreatedOnToolsVersion = 16.4;
						TestTargetID = 3E1C3F3E2E4901210098DC0A;
					};
					3E1C3F5A2E4901230098DC0A = {
						CreatedOnToolsVersion = 16.4;
						TestTargetID = 3E1C3F3E2E4901210098DC0A;
					};
				};
			};
			buildConfigurationList = 3E1C3F3A2E4901210098DC0A /* Build configuration list for PBXProject "Pomm" */;
			developmentRegion = en;
			hasScannedForEncodings = 0;
			knownRegions = (
				en,
				Base,
			);
			mainGroup = 3E1C3F362E4901210098DC0A;
			minimizedProjectReferenceProxies = 1;
			preferredProjectObjectVersion = 77;
			productRefGroup = 3E1C3F402E4901210098DC0A /* Products */;
			projectDirPath = "";
			projectRoot = "";
			targets = (
				3E1C3F3E2E4901210098DC0A /* Pomm */,
				3E1C3F502E4901230098DC0A /* PommTests */,
				3E1C3F5A2E4901230098DC0A /* PommUITests */,
			);
		};
/* End PBXProject section */

/* Begin PBXResourcesBuildPhase section */
		3E1C3F3D2E4901210098DC0A /* Resources */ = {
			isa = PBXResourcesBuildPhase;
			buildActionMask = 2147483647;
			files = (
			);
			runOnlyForDeploymentPostprocessing = 0;
		};
		3E1C3F4F2E4901230098DC0A /* Resources */ = {
			isa = PBXResourcesBuildPhase;
			buildActionMask = 2147483647;
			files = (
			);
			runOnlyForDeploymentPostprocessing = 0;
		};
		3E1C3F592E4901230098DC0A /* Resources */ = {
			isa = PBXResourcesBuildPhase;
			buildActionMask = 2147483647;
			files = (
			);
			runOnlyForDeploymentPostprocessing = 0;
		};
/* End PBXResourcesBuildPhase section */

/* Begin PBXSourcesBuildPhase section */
		3E1C3F3B2E4901210098DC0A /* Sources */ = {
			isa = PBXSourcesBuildPhase;
			buildActionMask = 2147483647;
			files = (
				3E1C3F822E490A850098DC0A /* EndView.swift in Sources */,
				3E1C3F7C2E490A0E0098DC0A /* TimerSetupView.swift in Sources */,
				3E1C3F802E490A600098DC0A /* FocusView.swift in Sources */,
				3E1C3F892E490B020098DC0A /* HapticsService.swift in Sources */,
				3E1C3F912E4918C50098DC0A /* SettingsView.swift in Sources */,
				3E1C3F762E4909960098DC0A /* TimerState.swift in Sources */,
				3E1C3F7A2E4909E60098DC0A /* RootView.swift in Sources */,
				3E1C3F7E2E490A310098DC0A /* CountdownOverlay.swift in Sources */,
				3E1C3F852E490ABB0098DC0A /* TimeLabelView.swift in Sources */,
				3E1C3F8F2E4918760098DC0A /* PersistenceService.swift in Sources */,
				3E1C3F8B2E490B110098DC0A /* SoundService.swift in Sources */,
				3E1C3F872E490ADD0098DC0A /* LargeNumberOverlay.swift in Sources */,
				3E1C3F8D2E490B420098DC0A /* NotificationService.swift in Sources */,
				3E1C3F782E4909BF0098DC0A /* TimerStore.swift in Sources */,
			);
			runOnlyForDeploymentPostprocessing = 0;
		};
		3E1C3F4D2E4901230098DC0A /* Sources */ = {
			isa = PBXSourcesBuildPhase;
			buildActionMask = 2147483647;
			files = (
			);
			runOnlyForDeploymentPostprocessing = 0;
		};
		3E1C3F572E4901230098DC0A /* Sources */ = {
			isa = PBXSourcesBuildPhase;
			buildActionMask = 2147483647;
			files = (
			);
			runOnlyForDeploymentPostprocessing = 0;
		};
/* End PBXSourcesBuildPhase section */

/* Begin PBXTargetDependency section */
		3E1C3F532E4901230098DC0A /* PBXTargetDependency */ = {
			isa = PBXTargetDependency;
			target = 3E1C3F3E2E4901210098DC0A /* Pomm */;
			targetProxy = 3E1C3F522E4901230098DC0A /* PBXContainerItemProxy */;
		};
		3E1C3F5D2E4901230098DC0A /* PBXTargetDependency */ = {
			isa = PBXTargetDependency;
			target = 3E1C3F3E2E4901210098DC0A /* Pomm */;
			targetProxy = 3E1C3F5C2E4901230098DC0A /* PBXContainerItemProxy */;
		};
/* End PBXTargetDependency section */

/* Begin XCBuildConfiguration section */
		3E1C3F632E4901230098DC0A /* Debug */ = {
			isa = XCBuildConfiguration;
			buildSettings = {
				ALWAYS_SEARCH_USER_PATHS = NO;
				ASSETCATALOG_COMPILER_GENERATE_SWIFT_ASSET_SYMBOL_EXTENSIONS = YES;
				CLANG_ANALYZER_NONNULL = YES;
				CLANG_ANALYZER_NUMBER_OBJECT_CONVERSION = YES_AGGRESSIVE;
				CLANG_CXX_LANGUAGE_STANDARD = "gnu++20";
				CLANG_ENABLE_MODULES = YES;
				CLANG_ENABLE_OBJC_ARC = YES;
				CLANG_ENABLE_OBJC_WEAK = YES;
				CLANG_WARN_BLOCK_CAPTURE_AUTORELEASING = YES;
				CLANG_WARN_BOOL_CONVERSION = YES;
				CLANG_WARN_COMMA = YES;
				CLANG_WARN_CONSTANT_CONVERSION = YES;
				CLANG_WARN_DEPRECATED_OBJC_IMPLEMENTATIONS = YES;
				CLANG_WARN_DIRECT_OBJC_ISA_USAGE = YES_ERROR;
				CLANG_WARN_DOCUMENTATION_COMMENTS = YES;
				CLANG_WARN_EMPTY_BODY = YES;
				CLANG_WARN_ENUM_CONVERSION = YES;
				CLANG_WARN_INFINITE_RECURSION = YES;
				CLANG_WARN_INT_CONVERSION = YES;
				CLANG_WARN_NON_LITERAL_NULL_CONVERSION = YES;
				CLANG_WARN_OBJC_IMPLICIT_RETAIN_SELF = YES;
				CLANG_WARN_OBJC_LITERAL_CONVERSION = YES;
				CLANG_WARN_OBJC_ROOT_CLASS = YES_ERROR;
				CLANG_WARN_QUOTED_INCLUDE_IN_FRAMEWORK_HEADER = YES;
				CLANG_WARN_RANGE_LOOP_ANALYSIS = YES;
				CLANG_WARN_STRICT_PROTOTYPES = YES;
				CLANG_WARN_SUSPICIOUS_MOVE = YES;
				CLANG_WARN_UNGUARDED_AVAILABILITY = YES_AGGRESSIVE;
				CLANG_WARN_UNREACHABLE_CODE = YES;
				CLANG_WARN__DUPLICATE_METHOD_MATCH = YES;
				COPY_PHASE_STRIP = NO;
				DEBUG_INFORMATION_FORMAT = dwarf;
				ENABLE_STRICT_OBJC_MSGSEND = YES;
				ENABLE_TESTABILITY = YES;
				ENABLE_USER_SCRIPT_SANDBOXING = YES;
				GCC_C_LANGUAGE_STANDARD = gnu17;
				GCC_DYNAMIC_NO_PIC = NO;
				GCC_NO_COMMON_BLOCKS = YES;
				GCC_OPTIMIZATION_LEVEL = 0;
				GCC_PREPROCESSOR_DEFINITIONS = (
					"DEBUG=1",
					"$(inherited)",
				);
				GCC_WARN_64_TO_32_BIT_CONVERSION = YES;
				GCC_WARN_ABOUT_RETURN_TYPE = YES_ERROR;
				GCC_WARN_UNDECLARED_SELECTOR = YES;
				GCC_WARN_UNINITIALIZED_AUTOS = YES_AGGRESSIVE;
				GCC_WARN_UNUSED_FUNCTION = YES;
				GCC_WARN_UNUSED_VARIABLE = YES;
				IPHONEOS_DEPLOYMENT_TARGET = 18.5;
				LOCALIZATION_PREFERS_STRING_CATALOGS = YES;
				MTL_ENABLE_DEBUG_INFO = INCLUDE_SOURCE;
				MTL_FAST_MATH = YES;
				ONLY_ACTIVE_ARCH = YES;
				SDKROOT = iphoneos;
				SWIFT_ACTIVE_COMPILATION_CONDITIONS = "DEBUG $(inherited)";
				SWIFT_OPTIMIZATION_LEVEL = "-Onone";
			};
			name = Debug;
		};
		3E1C3F642E4901230098DC0A /* Release */ = {
			isa = XCBuildConfiguration;
			buildSettings = {
				ALWAYS_SEARCH_USER_PATHS = NO;
				ASSETCATALOG_COMPILER_GENERATE_SWIFT_ASSET_SYMBOL_EXTENSIONS = YES;
				CLANG_ANALYZER_NONNULL = YES;
				CLANG_ANALYZER_NUMBER_OBJECT_CONVERSION = YES_AGGRESSIVE;
				CLANG_CXX_LANGUAGE_STANDARD = "gnu++20";
				CLANG_ENABLE_MODULES = YES;
				CLANG_ENABLE_OBJC_ARC = YES;
				CLANG_ENABLE_OBJC_WEAK = YES;
				CLANG_WARN_BLOCK_CAPTURE_AUTORELEASING = YES;
				CLANG_WARN_BOOL_CONVERSION = YES;
				CLANG_WARN_COMMA = YES;
				CLANG_WARN_CONSTANT_CONVERSION = YES;
				CLANG_WARN_DEPRECATED_OBJC_IMPLEMENTATIONS = YES;
				CLANG_WARN_DIRECT_OBJC_ISA_USAGE = YES_ERROR;
				CLANG_WARN_DOCUMENTATION_COMMENTS = YES;
				CLANG_WARN_EMPTY_BODY = YES;
				CLANG_WARN_ENUM_CONVERSION = YES;
				CLANG_WARN_INFINITE_RECURSION = YES;
				CLANG_WARN_INT_CONVERSION = YES;
				CLANG_WARN_NON_LITERAL_NULL_CONVERSION = YES;
				CLANG_WARN_OBJC_IMPLICIT_RETAIN_SELF = YES;
				CLANG_WARN_OBJC_LITERAL_CONVERSION = YES;
				CLANG_WARN_OBJC_ROOT_CLASS = YES_ERROR;
				CLANG_WARN_QUOTED_INCLUDE_IN_FRAMEWORK_HEADER = YES;
				CLANG_WARN_RANGE_LOOP_ANALYSIS = YES;
				CLANG_WARN_STRICT_PROTOTYPES = YES;
				CLANG_WARN_SUSPICIOUS_MOVE = YES;
				CLANG_WARN_UNGUARDED_AVAILABILITY = YES_AGGRESSIVE;
				CLANG_WARN_UNREACHABLE_CODE = YES;
				CLANG_WARN__DUPLICATE_METHOD_MATCH = YES;
				COPY_PHASE_STRIP = NO;
				DEBUG_INFORMATION_FORMAT = "dwarf-with-dsym";
				ENABLE_NS_ASSERTIONS = NO;
				ENABLE_STRICT_OBJC_MSGSEND = YES;
				ENABLE_USER_SCRIPT_SANDBOXING = YES;
				GCC_C_LANGUAGE_STANDARD = gnu17;
				GCC_NO_COMMON_BLOCKS = YES;
				GCC_WARN_64_TO_32_BIT_CONVERSION = YES;
				GCC_WARN_ABOUT_RETURN_TYPE = YES_ERROR;
				GCC_WARN_UNDECLARED_SELECTOR = YES;
				GCC_WARN_UNINITIALIZED_AUTOS = YES_AGGRESSIVE;
				GCC_WARN_UNUSED_FUNCTION = YES;
				GCC_WARN_UNUSED_VARIABLE = YES;
				IPHONEOS_DEPLOYMENT_TARGET = 18.5;
				LOCALIZATION_PREFERS_STRING_CATALOGS = YES;
				MTL_ENABLE_DEBUG_INFO = NO;
				MTL_FAST_MATH = YES;
				SDKROOT = iphoneos;
				SWIFT_COMPILATION_MODE = wholemodule;
				VALIDATE_PRODUCT = YES;
			};
			name = Release;
		};
		3E1C3F662E4901230098DC0A /* Debug */ = {
			isa = XCBuildConfiguration;
			buildSettings = {
				ASSETCATALOG_COMPILER_APPICON_NAME = AppIcon;
				ASSETCATALOG_COMPILER_GLOBAL_ACCENT_COLOR_NAME = AccentColor;
				CODE_SIGN_IDENTITY = "Apple Development";
				CODE_SIGN_STYLE = Automatic;
				CURRENT_PROJECT_VERSION = 1;
				DEVELOPMENT_TEAM = VTQTPTUTJL;
				ENABLE_PREVIEWS = YES;
				GENERATE_INFOPLIST_FILE = YES;
				INFOPLIST_KEY_CFBundleDisplayName = Pomm;
				INFOPLIST_KEY_LSApplicationCategoryType = "public.app-category.productivity";
				INFOPLIST_KEY_UIApplicationSceneManifest_Generation = YES;
				INFOPLIST_KEY_UIApplicationSupportsIndirectInputEvents = YES;
				INFOPLIST_KEY_UILaunchScreen_Generation = YES;
				INFOPLIST_KEY_UIStatusBarHidden = YES;
				INFOPLIST_KEY_UISupportedInterfaceOrientations_iPad = "UIInterfaceOrientationPortrait UIInterfaceOrientationPortraitUpsideDown UIInterfaceOrientationLandscapeLeft UIInterfaceOrientationLandscapeRight";
				INFOPLIST_KEY_UISupportedInterfaceOrientations_iPhone = "UIInterfaceOrientationPortrait UIInterfaceOrientationLandscapeLeft UIInterfaceOrientationLandscapeRight";
				IPHONEOS_DEPLOYMENT_TARGET = 16.6;
				LD_RUNPATH_SEARCH_PATHS = (
					"$(inherited)",
					"@executable_path/Frameworks",
				);
				MARKETING_VERSION = 1.0;
				PRODUCT_BUNDLE_IDENTIFIER = com.igorpascoal.Pomm;
				PRODUCT_NAME = "$(TARGET_NAME)";
				PROVISIONING_PROFILE_SPECIFIER = "";
				SWIFT_EMIT_LOC_STRINGS = YES;
				SWIFT_VERSION = 5.0;
				TARGETED_DEVICE_FAMILY = "1,2";
			};
			name = Debug;
		};
		3E1C3F672E4901230098DC0A /* Release */ = {
			isa = XCBuildConfiguration;
			buildSettings = {
				ASSETCATALOG_COMPILER_APPICON_NAME = AppIcon;
				ASSETCATALOG_COMPILER_GLOBAL_ACCENT_COLOR_NAME = AccentColor;
				CODE_SIGN_STYLE = Manual;
				CURRENT_PROJECT_VERSION = 1;
				DEVELOPMENT_TEAM = "";
				ENABLE_PREVIEWS = YES;
				GENERATE_INFOPLIST_FILE = YES;
				INFOPLIST_KEY_CFBundleDisplayName = Pomm;
				INFOPLIST_KEY_LSApplicationCategoryType = "public.app-category.productivity";
				INFOPLIST_KEY_UIApplicationSceneManifest_Generation = YES;
				INFOPLIST_KEY_UIApplicationSupportsIndirectInputEvents = YES;
				INFOPLIST_KEY_UILaunchScreen_Generation = YES;
				INFOPLIST_KEY_UIStatusBarHidden = YES;
				INFOPLIST_KEY_UISupportedInterfaceOrientations_iPad = "UIInterfaceOrientationPortrait UIInterfaceOrientationPortraitUpsideDown UIInterfaceOrientationLandscapeLeft UIInterfaceOrientationLandscapeRight";
				INFOPLIST_KEY_UISupportedInterfaceOrientations_iPhone = "UIInterfaceOrientationPortrait UIInterfaceOrientationLandscapeLeft UIInterfaceOrientationLandscapeRight";
				IPHONEOS_DEPLOYMENT_TARGET = 16.6;
				LD_RUNPATH_SEARCH_PATHS = (
					"$(inherited)",
					"@executable_path/Frameworks",
				);
				MARKETING_VERSION = 1.0;
				PRODUCT_BUNDLE_IDENTIFIER = com.igorpascoal.Pomm;
				PRODUCT_NAME = "$(TARGET_NAME)";
				PROVISIONING_PROFILE_SPECIFIER = "";
				SWIFT_EMIT_LOC_STRINGS = YES;
				SWIFT_VERSION = 5.0;
				TARGETED_DEVICE_FAMILY = "1,2";
			};
			name = Release;
		};
		3E1C3F692E4901230098DC0A /* Debug */ = {
			isa = XCBuildConfiguration;
			buildSettings = {
				BUNDLE_LOADER = "$(TEST_HOST)";
				CODE_SIGN_STYLE = Automatic;
				CURRENT_PROJECT_VERSION = 1;
				GENERATE_INFOPLIST_FILE = YES;
				IPHONEOS_DEPLOYMENT_TARGET = 18.5;
				MARKETING_VERSION = 1.0;
				PRODUCT_BUNDLE_IDENTIFIER = com.igorpascoal.PommTests;
				PRODUCT_NAME = "$(TARGET_NAME)";
				SWIFT_EMIT_LOC_STRINGS = NO;
				SWIFT_VERSION = 5.0;
				TARGETED_DEVICE_FAMILY = "1,2";
				TEST_HOST = "$(BUILT_PRODUCTS_DIR)/Pomm.app/$(BUNDLE_EXECUTABLE_FOLDER_PATH)/Pomm";
			};
			name = Debug;
		};
		3E1C3F6A2E4901230098DC0A /* Release */ = {
			isa = XCBuildConfiguration;
			buildSettings = {
				BUNDLE_LOADER = "$(TEST_HOST)";
				CODE_SIGN_STYLE = Automatic;
				CURRENT_PROJECT_VERSION = 1;
				GENERATE_INFOPLIST_FILE = YES;
				IPHONEOS_DEPLOYMENT_TARGET = 18.5;
				MARKETING_VERSION = 1.0;
				PRODUCT_BUNDLE_IDENTIFIER = com.igorpascoal.PommTests;
				PRODUCT_NAME = "$(TARGET_NAME)";
				SWIFT_EMIT_LOC_STRINGS = NO;
				SWIFT_VERSION = 5.0;
				TARGETED_DEVICE_FAMILY = "1,2";
				TEST_HOST = "$(BUILT_PRODUCTS_DIR)/Pomm.app/$(BUNDLE_EXECUTABLE_FOLDER_PATH)/Pomm";
			};
			name = Release;
		};
		3E1C3F6C2E4901230098DC0A /* Debug */ = {
			isa = XCBuildConfiguration;
			buildSettings = {
				CODE_SIGN_STYLE = Automatic;
				CURRENT_PROJECT_VERSION = 1;
				GENERATE_INFOPLIST_FILE = YES;
				MARKETING_VERSION = 1.0;
				PRODUCT_BUNDLE_IDENTIFIER = com.igorpascoal.PommUITests;
				PRODUCT_NAME = "$(TARGET_NAME)";
				SWIFT_EMIT_LOC_STRINGS = NO;
				SWIFT_VERSION = 5.0;
				TARGETED_DEVICE_FAMILY = "1,2";
				TEST_TARGET_NAME = Pomm;
			};
			name = Debug;
		};
		3E1C3F6D2E4901230098DC0A /* Release */ = {
			isa = XCBuildConfiguration;
			buildSettings = {
				CODE_SIGN_STYLE = Automatic;
				CURRENT_PROJECT_VERSION = 1;
				GENERATE_INFOPLIST_FILE = YES;
				MARKETING_VERSION = 1.0;
				PRODUCT_BUNDLE_IDENTIFIER = com.igorpascoal.PommUITests;
				PRODUCT_NAME = "$(TARGET_NAME)";
				SWIFT_EMIT_LOC_STRINGS = NO;
				SWIFT_VERSION = 5.0;
				TARGETED_DEVICE_FAMILY = "1,2";
				TEST_TARGET_NAME = Pomm;
			};
			name = Release;
		};
/* End XCBuildConfiguration section */

/* Begin XCConfigurationList section */
		3E1C3F3A2E4901210098DC0A /* Build configuration list for PBXProject "Pomm" */ = {
			isa = XCConfigurationList;
			buildConfigurations = (
				3E1C3F632E4901230098DC0A /* Debug */,
				3E1C3F642E4901230098DC0A /* Release */,
			);
			defaultConfigurationIsVisible = 0;
			defaultConfigurationName = Release;
		};
		3E1C3F652E4901230098DC0A /* Build configuration list for PBXNativeTarget "Pomm" */ = {
			isa = XCConfigurationList;
			buildConfigurations = (
				3E1C3F662E4901230098DC0A /* Debug */,
				3E1C3F672E4901230098DC0A /* Release */,
			);
			defaultConfigurationIsVisible = 0;
			defaultConfigurationName = Release;
		};
		3E1C3F682E4901230098DC0A /* Build configuration list for PBXNativeTarget "PommTests" */ = {
			isa = XCConfigurationList;
			buildConfigurations = (
				3E1C3F692E4901230098DC0A /* Debug */,
				3E1C3F6A2E4901230098DC0A /* Release */,
			);
			defaultConfigurationIsVisible = 0;
			defaultConfigurationName = Release;
		};
		3E1C3F6B2E4901230098DC0A /* Build configuration list for PBXNativeTarget "PommUITests" */ = {
			isa = XCConfigurationList;
			buildConfigurations = (
				3E1C3F6C2E4901230098DC0A /* Debug */,
				3E1C3F6D2E4901230098DC0A /* Release */,
			);
			defaultConfigurationIsVisible = 0;
			defaultConfigurationName = Release;
		};
/* End XCConfigurationList section */
	};
	rootObject = 3E1C3F372E4901210098DC0A /* Project object */;
}
